
Microsoft Visual Studio Solution File, Format Version 12.00
# Visual Studio Version 16
VisualStudioVersion = 16.0.30011.22
MinimumVisualStudioVersion = 10.0.40219.1
Project("{8BC9CEB8-8B4A-11D0-8D11-00A0C91BC942}") = "동적메모리할당2", "동적메모리할당2.vcxproj", "{7F36FD1E-4A85-408E-BFF7-E6DABF2AB564}"
EndProject
Global
	GlobalSection(SolutionConfigurationPlatforms) = preSolution
		Debug|x64 = Debug|x64
		Debug|x86 = Debug|x86
		Release|x64 = Release|x64
		Release|x86 = Release|x86
	EndGlobalSection
	GlobalSection(ProjectConfigurationPlatforms) = postSolution
		{7F36FD1E-4A85-408E-BFF7-E6DABF2AB564}.Debug|x64.ActiveCfg = Debug|x64
		{7F36FD1E-4A85-408E-BFF7-E6DABF2AB564}.Debug|x64.Build.0 = Debug|x64
		{7F36FD1E-4A85-408E-BFF7-E6DABF2AB564}.Debug|x86.ActiveCfg = Debug|Win32
		{7F36FD1E-4A85-408E-BFF7-E6DABF2AB564}.Debug|x86.Build.0 = Debug|Win32
		{7F36FD1E-4A85-408E-BFF7-E6DABF2AB564}.Release|x64.ActiveCfg = Release|x64
		{7F36FD1E-4A85-408E-BFF7-E6DABF2AB564}.Release|x64.Build.0 = Release|x64
		{7F36FD1E-4A85-408E-BFF7-E6DABF2AB564}.Release|x86.ActiveCfg = Release|Win32
		{7F36FD1E-4A85-408E-BFF7-E6DABF2AB564}.Release|x86.Build.0 = Release|Win32
	EndGlobalSection
	GlobalSection(SolutionProperties) = preSolution
		HideSolutionNode = FALSE
	EndGlobalSection
	GlobalSection(ExtensibilityGlobals) = postSolution
		SolutionGuid = {9468C8A6-BEDF-4B21-A84E-BF7B4D07C871}
	EndGlobalSection
EndGlobal
